// !$*UTF8*$!
{
	archiveVersion = 1;
	classes = {
	};
	objectVersion = 50;
	objects = {

/* Begin PBXBuildFile section */
		A3A2BAE124994FB400D896D4 /* AppDelegate.swift in Sources */ = {isa = PBXBuildFile; fileRef = A3A2BAE024994FB400D896D4 /* AppDelegate.swift */; };
		A3A2BAE324994FB400D896D4 /* SceneDelegate.swift in Sources */ = {isa = PBXBuildFile; fileRef = A3A2BAE224994FB400D896D4 /* SceneDelegate.swift */; };
		A3A2BAE524994FB400D896D4 /* ViewController.swift in Sources */ = {isa = PBXBuildFile; fileRef = A3A2BAE424994FB400D896D4 /* ViewController.swift */; };
		A3A2BAE824994FB400D896D4 /* Main.storyboard in Resources */ = {isa = PBXBuildFile; fileRef = A3A2BAE624994FB400D896D4 /* Main.storyboard */; };
		A3A2BAEA24994FBE00D896D4 /* Assets.xcassets in Resources */ = {isa = PBXBuildFile; fileRef = A3A2BAE924994FBE00D896D4 /* Assets.xcassets */; };
		A3A2BAED24994FBE00D896D4 /* LaunchScreen.storyboard in Resources */ = {isa = PBXBuildFile; fileRef = A3A2BAEB24994FBE00D896D4 /* LaunchScreen.storyboard */; };
/* End PBXBuildFile section */

/* Begin PBXFileReference section */
		A3A2BADD24994FB400D896D4 /* Assignment2a-mlb0119.app */ = {isa = PBXFileReference; explicitFileType = wrapper.application; includeInIndex = 0; path = "Assignment2a-mlb0119.app"; sourceTree = BUILT_PRODUCTS_DIR; };
		A3A2BAE024994FB400D896D4 /* AppDelegate.swift */ = {isa = PBXFileReference; lastKnownFileType = sourcecode.swift; path = AppDelegate.swift; sourceTree = "<group>"; };
		A3A2BAE224994FB400D896D4 /* SceneDelegate.swift */ = {isa = PBXFileReference; lastKnownFileType = sourcecode.swift; path = SceneDelegate.swift; sourceTree = "<group>"; };
		A3A2BAE424994FB400D896D4 /* ViewController.swift */ = {isa = PBXFileReference; lastKnownFileType = sourcecode.swift; path = ViewController.swift; sourceTree = "<group>"; };
		A3A2BAE724994FB400D896D4 /* Base */ = {isa = PBXFileReference; lastKnownFileType = file.storyboard; name = Base; path = Base.lproj/Main.storyboard; sourceTree = "<group>"; };
		A3A2BAE924994FBE00D896D4 /* Assets.xcassets */ = {isa = PBXFileReference; lastKnownFileType = folder.assetcatalog; path = Assets.xcassets; sourceTree = "<group>"; };
		A3A2BAEC24994FBE00D896D4 /* Base */ = {isa = PBXFileReference; lastKnownFileType = file.storyboard; name = Base; path = Base.lproj/LaunchScreen.storyboard; sourceTree = "<group>"; };
		A3A2BAEE24994FBE00D896D4 /* Info.plist */ = {isa = PBXFileReference; lastKnownFileType = text.plist.xml; path = Info.plist; sourceTree = "<group>"; };
/* End PBXFileReference section */

/* Begin PBXFrameworksBuildPhase section */
		A3A2BADA24994FB400D896D4 /* Frameworks */ = {
			isa = PBXFrameworksBuildPhase;
			buildActionMask = 2147483647;
			files = (
			);
			runOnlyForDeploymentPostprocessing = 0;
		};
/* End PBXFrameworksBuildPhase section */

/* Begin PBXGroup section */
		A3A2BAD424994FB400D896D4 = {
			isa = PBXGroup;
			children = (
				A3A2BADF24994FB400D896D4 /* Assignment2a-mlb0119 */,
				A3A2BADE24994FB400D896D4 /* Products */,
			);
			sourceTree = "<group>";
		};
		A3A2BADE24994FB400D896D4 /* Products */ = {
			isa = PBXGroup;
			children = (
				A3A2BADD24994FB400D896D4 /* Assignment2a-mlb0119.app */,
			);
			name = Products;
			sourceTree = "<group>";
		};
		A3A2BADF24994FB400D896D4 /* Assignment2a-mlb0119 */ = {
			isa = PBXGroup;
			children = (
				A3A2BAE024994FB400D896D4 /* AppDelegate.swift */,
				A3A2BAE224994FB400D896D4 /* SceneDelegate.swift */,
				A3A2BAE424994FB400D896D4 /* ViewController.swift */,
				A3A2BAE624994FB400D896D4 /* Main.storyboard */,
				A3A2BAE924994FBE00D896D4 /* Assets.xcassets */,
				A3A2BAEB24994FBE00D896D4 /* LaunchScreen.storyboard */,
				A3A2BAEE24994FBE00D896D4 /* Info.plist */,
			);
			path = "Assignment2a-mlb0119";
			sourceTree = "<group>";
		};
/* End PBXGroup section */

/* Begin PBXNativeTarget section */
		A3A2BADC24994FB400D896D4 /* Assignment2a-mlb0119 */ = {
			isa = PBXNativeTarget;
			buildConfigurationList = A3A2BAF124994FBE00D896D4 /* Build configuration list for PBXNativeTarget "Assignment2a-mlb0119" */;
			buildPhases = (
				A3A2BAD924994FB400D896D4 /* Sources */,
				A3A2BADA24994FB400D896D4 /* Frameworks */,
				A3A2BADB24994FB400D896D4 /* Resources */,
			);
			buildRules = (
			);
			dependencies = (
			);
			name = "Assignment2a-mlb0119";
			productName = "Assignment2a-mlb0119";
			productReference = A3A2BADD24994FB400D896D4 /* Assignment2a-mlb0119.app */;
			productType = "com.apple.product-type.application";
		};
/* End PBXNativeTarget section */

/* Begin PBXProject section */
		A3A2BAD524994FB400D896D4 /* Project object */ = {
			isa = PBXProject;
			attributes = {
				LastSwiftUpdateCheck = 1150;
				LastUpgradeCheck = 1150;
				ORGANIZATIONNAME = "Annaka Brewer";
				TargetAttributes = {
					A3A2BADC24994FB400D896D4 = {
						CreatedOnToolsVersion = 11.5;
					};
				};
			};
			buildConfigurationList = A3A2BAD824994FB400D896D4 /* Build configuration list for PBXProject "Assignment2a-mlb0119" */;
			compatibilityVersion = "Xcode 9.3";
			developmentRegion = en;
			hasScannedForEncodings = 0;
			knownRegions = (
				en,
				Base,
			);
			mainGroup = A3A2BAD424994FB400D896D4;
			productRefGroup = A3A2BADE24994FB400D896D4 /* Products */;
			projectDirPath = "";
			projectRoot = "";
			targets = (
				A3A2BADC24994FB400D896D4 /* Assignment2a-mlb0119 */,
			);
		};
/* End PBXProject section */

/* Begin PBXResourcesBuildPhase section */
		A3A2BADB24994FB400D896D4 /* Resources */ = {
			isa = PBXResourcesBuildPhase;
			buildActionMask = 2147483647;
			files = (
				A3A2BAED24994FBE00D896D4 /* LaunchScreen.storyboard in Resources */,
				A3A2BAEA24994FBE00D896D4 /* Assets.xcassets in Resources */,
				A3A2BAE824994FB400D896D4 /* Main.storyboard in Resources */,
			);
			runOnlyForDeploymentPostprocessing = 0;
		};
/* End PBXResourcesBuildPhase section */

/* Begin PBXSourcesBuildPhase section */
		A3A2BAD924994FB400D896D4 /* Sources */ = {
			isa = PBXSourcesBuildPhase;
			buildActionMask = 2147483647;
			files = (
				A3A2BAE524994FB400D896D4 /* ViewController.swift in Sources */,
				A3A2BAE124994FB400D896D4 /* AppDelegate.swift in Sources */,
				A3A2BAE324994FB400D896D4 /* SceneDelegate.swift in Sources */,
			);
			runOnlyForDeploymentPostprocessing = 0;
		};
/* End PBXSourcesBuildPhase section */

/* Begin PBXVariantGroup section */
		A3A2BAE624994FB400D896D4 /* Main.storyboard */ = {
			isa = PBXVariantGroup;
			children = (
				A3A2BAE724994FB400D896D4 /* Base */,
			);
			name = Main.storyboard;
			sourceTree = "<group>";
		};
		A3A2BAEB24994FBE00D896D4 /* LaunchScreen.storyboard */ = {
			isa = PBXVariantGroup;
			children = (
				A3A2BAEC24994FBE00D896D4 /* Base */,
			);
			name = LaunchScreen.storyboard;
			sourceTree = "<group>";
		};
/* End PBXVariantGroup section */

/* Begin XCBuildConfiguration section */
		A3A2BAEF24994FBE00D896D4 /* Debug */ = {
			isa = XCBuildConfiguration;
			buildSettings = {
				ALWAYS_SEARCH_USER_PATHS = NO;
				CLANG_ANALYZER_NONNULL = YES;
				CLANG_ANALYZER_NUMBER_OBJECT_CONVERSION = YES_AGGRESSIVE;
				CLANG_CXX_LANGUAGE_STANDARD = "gnu++14";
				CLANG_CXX_LIBRARY = "libc++";
				CLANG_ENABLE_MODULES = YES;
				CLANG_ENABLE_OBJC_ARC = YES;
				CLANG_ENABLE_OBJC_WEAK = YES;
				CLANG_WARN_BLOCK_CAPTURE_AUTORELEASING = YES;
				CLANG_WARN_BOOL_CONVERSION = YES;
				CLANG_WARN_COMMA = YES;
				CLANG_WARN_CONSTANT_CONVERSION = YES;
				CLANG_WARN_DEPRECATED_OBJC_IMPLEMENTATIONS = YES;
				CLANG_WARN_DIRECT_OBJC_ISA_USAGE = YES_ERROR;
				CLANG_WARN_DOCUMENTATION_COMMENTS = YES;
				CLANG_WARN_EMPTY_BODY = YES;
				CLANG_WARN_ENUM_CONVERSION = YES;
				CLANG_WARN_INFINITE_RECURSION = YES;
				CLANG_WARN_INT_CONVERSION = YES;
				CLANG_WARN_NON_LITERAL_NULL_CONVERSION = YES;
				CLANG_WARN_OBJC_IMPLICIT_RETAIN_SELF = YES;
				CLANG_WARN_OBJC_LITERAL_CONVERSION = YES;
				CLANG_WARN_OBJC_ROOT_CLASS = YES_ERROR;
				CLANG_WARN_RANGE_LOOP_ANALYSIS = YES;
				CLANG_WARN_STRICT_PROTOTYPES = YES;
				CLANG_WARN_SUSPICIOUS_MOVE = YES;
				CLANG_WARN_UNGUARDED_AVAILABILITY = YES_AGGRESSIVE;
				CLANG_WARN_UNREACHABLE_CODE = YES;
				CLANG_WARN__DUPLICATE_METHOD_MATCH = YES;
				COPY_PHASE_STRIP = NO;
				DEBUG_INFORMATION_FORMAT = dwarf;
				ENABLE_STRICT_OBJC_MSGSEND = YES;
				ENABLE_TESTABILITY = YES;
				GCC_C_LANGUAGE_STANDARD = gnu11;
				GCC_DYNAMIC_NO_PIC = NO;
				GCC_NO_COMMON_BLOCKS = YES;
				GCC_OPTIMIZATION_LEVEL = 0;
				GCC_PREPROCESSOR_DEFINITIONS = (
					"DEBUG=1",
					"$(inherited)",
				);
				GCC_WARN_64_TO_32_BIT_CONVERSION = YES;
				GCC_WARN_ABOUT_RETURN_TYPE = YES_ERROR;
				GCC_WARN_UNDECLARED_SELECTOR = YES;
				GCC_WARN_UNINITIALIZED_AUTOS = YES_AGGRESSIVE;
				GCC_WARN_UNUSED_FUNCTION = YES;
				GCC_WARN_UNUSED_VARIABLE = YES;
				IPHONEOS_DEPLOYMENT_TARGET = 13.5;
				MTL_ENABLE_DEBUG_INFO = INCLUDE_SOURCE;
				MTL_FAST_MATH = YES;
				ONLY_ACTIVE_ARCH = YES;
				SDKROOT = iphoneos;
				SWIFT_ACTIVE_COMPILATION_CONDITIONS = DEBUG;
				SWIFT_OPTIMIZATION_LEVEL = "-Onone";
			};
			name = Debug;
		};
		A3A2BAF024994FBE00D896D4 /* Release */ = {
			isa = XCBuildConfiguration;
			buildSettings = {
				ALWAYS_SEARCH_USER_PATHS = NO;
				CLANG_ANALYZER_NONNULL = YES;
				CLANG_ANALYZER_NUMBER_OBJECT_CONVERSION = YES_AGGRESSIVE;
				CLANG_CXX_LANGUAGE_STANDARD = "gnu++14";
				CLANG_CXX_LIBRARY = "libc++";
				CLANG_ENABLE_MODULES = YES;
				CLANG_ENABLE_OBJC_ARC = YES;
				CLANG_ENABLE_OBJC_WEAK = YES;
				CLANG_WARN_BLOCK_CAPTURE_AUTORELEASING = YES;
				CLANG_WARN_BOOL_CONVERSION = YES;
				CLANG_WARN_COMMA = YES;
				CLANG_WARN_CONSTANT_CONVERSION = YES;
				CLANG_WARN_DEPRECATED_OBJC_IMPLEMENTATIONS = YES;
				CLANG_WARN_DIRECT_OBJC_ISA_USAGE = YES_ERROR;
				CLANG_WARN_DOCUMENTATION_COMMENTS = YES;
				CLANG_WARN_EMPTY_BODY = YES;
				CLANG_WARN_ENUM_CONVERSION = YES;
				CLANG_WARN_INFINITE_RECURSION = YES;
				CLANG_WARN_INT_CONVERSION = YES;
				CLANG_WARN_NON_LITERAL_NULL_CONVERSION = YES;
				CLANG_WARN_OBJC_IMPLICIT_RETAIN_SELF = YES;
				CLANG_WARN_OBJC_LITERAL_CONVERSION = YES;
				CLANG_WARN_OBJC_ROOT_CLASS = YES_ERROR;
				CLANG_WARN_RANGE_LOOP_ANALYSIS = YES;
				CLANG_WARN_STRICT_PROTOTYPES = YES;
				CLANG_WARN_SUSPICIOUS_MOVE = YES;
				CLANG_WARN_UNGUARDED_AVAILABILITY = YES_AGGRESSIVE;
				CLANG_WARN_UNREACHABLE_CODE = YES;
				CLANG_WARN__DUPLICATE_METHOD_MATCH = YES;
				COPY_PHASE_STRIP = NO;
				DEBUG_INFORMATION_FORMAT = "dwarf-with-dsym";
				ENABLE_NS_ASSERTIONS = NO;
				ENABLE_STRICT_OBJC_MSGSEND = YES;
				GCC_C_LANGUAGE_STANDARD = gnu11;
				GCC_NO_COMMON_BLOCKS = YES;
				GCC_WARN_64_TO_32_BIT_CONVERSION = YES;
				GCC_WARN_ABOUT_RETURN_TYPE = YES_ERROR;
				GCC_WARN_UNDECLARED_SELECTOR = YES;
				GCC_WARN_UNINITIALIZED_AUTOS = YES_AGGRESSIVE;
				GCC_WARN_UNUSED_FUNCTION = YES;
				GCC_WARN_UNUSED_VARIABLE = YES;
				IPHONEOS_DEPLOYMENT_TARGET = 13.5;
				MTL_ENABLE_DEBUG_INFO = NO;
				MTL_FAST_MATH = YES;
				SDKROOT = iphoneos;
				SWIFT_COMPILATION_MODE = wholemodule;
				SWIFT_OPTIMIZATION_LEVEL = "-O";
				VALIDATE_PRODUCT = YES;
			};
			name = Release;
		};
		A3A2BAF224994FBE00D896D4 /* Debug */ = {
			isa = XCBuildConfiguration;
			buildSettings = {
				ASSETCATALOG_COMPILER_APPICON_NAME = AppIcon;
				CODE_SIGN_STYLE = Automatic;
				DEVELOPMENT_TEAM = 67549X9ZU8;
				INFOPLIST_FILE = "Assignment2a-mlb0119/Info.plist";
				IPHONEOS_DEPLOYMENT_TARGET = 13.3;
				LD_RUNPATH_SEARCH_PATHS = (
					"$(inherited)",
					"@executable_path/Frameworks",
				);
				PRODUCT_BUNDLE_IDENTIFIER = "com.mattybeanz.Assignment2a-mlb0119";
				PRODUCT_NAME = "$(TARGET_NAME)";
				SWIFT_VERSION = 5.0;
				TARGETED_DEVICE_FAMILY = "1,2";
			};
			name = Debug;
		};
		A3A2BAF324994FBE00D896D4 /* Release */ = {
			isa = XCBuildConfiguration;
			buildSettings = {
				ASSETCATALOG_COMPILER_APPICON_NAME = AppIcon;
				CODE_SIGN_STYLE = Automatic;
				DEVELOPMENT_TEAM = 67549X9ZU8;
				INFOPLIST_FILE = "Assignment2a-mlb0119/Info.plist";
				IPHONEOS_DEPLOYMENT_TARGET = 13.3;
				LD_RUNPATH_SEARCH_PATHS = (
					"$(inherited)",
					"@executable_path/Frameworks",
				);
				PRODUCT_BUNDLE_IDENTIFIER = "com.mattybeanz.Assignment2a-mlb0119";
				PRODUCT_NAME = "$(TARGET_NAME)";
				SWIFT_VERSION = 5.0;
				TARGETED_DEVICE_FAMILY = "1,2";
			};
			name = Release;
		};
/* End XCBuildConfiguration section */

/* Begin XCConfigurationList section */
		A3A2BAD824994FB400D896D4 /* Build configuration list for PBXProject "Assignment2a-mlb0119" */ = {
			isa = XCConfigurationList;
			buildConfigurations = (
				A3A2BAEF24994FBE00D896D4 /* Debug */,
				A3A2BAF024994FBE00D896D4 /* Release */,
			);
			defaultConfigurationIsVisible = 0;
			defaultConfigurationName = Release;
		};
		A3A2BAF124994FBE00D896D4 /* Build configuration list for PBXNativeTarget "Assignment2a-mlb0119" */ = {
			isa = XCConfigurationList;
			buildConfigurations = (
				A3A2BAF224994FBE00D896D4 /* Debug */,
				A3A2BAF324994FBE00D896D4 /* Release */,
			);
			defaultConfigurationIsVisible = 0;
			defaultConfigurationName = Release;
		};
/* End XCConfigurationList section */
	};
	rootObject = A3A2BAD524994FB400D896D4 /* Project object */;
}
